
Microsoft Visual Studio Solution File, Format Version 12.00
# Visual Studio Version 16
VisualStudioVersion = 16.0.29709.97
MinimumVisualStudioVersion = 10.0.40219.1
Project("{FAE04EC0-301F-11D3-BF4B-00C04F79EFBC}") = "UnitTest.Project", "UnitTest.Project\UnitTest.Project.csproj", "{89D871C3-A53F-4AD3-A5F7-E7C3E83E67E6}"
EndProject
Project("{FAE04EC0-301F-11D3-BF4B-00C04F79EFBC}") = "UnitTestProject.XUnitTest", "UnitTestProject.XUnitTest\UnitTestProject.XUnitTest.csproj", "{EE8C49E9-03B6-4F49-94F7-368B2CB2EFC2}"
EndProject
Global
	GlobalSection(SolutionConfigurationPlatforms) = preSolution
		Debug|Any CPU = Debug|Any CPU
		Release|Any CPU = Release|Any CPU
	EndGlobalSection
	GlobalSection(ProjectConfigurationPlatforms) = postSolution
		{89D871C3-A53F-4AD3-A5F7-E7C3E83E67E6}.Debug|Any CPU.ActiveCfg = Debug|Any CPU
		{89D871C3-A53F-4AD3-A5F7-E7C3E83E67E6}.Debug|Any CPU.Build.0 = Debug|Any CPU
		{89D871C3-A53F-4AD3-A5F7-E7C3E83E67E6}.Release|Any CPU.ActiveCfg = Release|Any CPU
		{89D871C3-A53F-4AD3-A5F7-E7C3E83E67E6}.Release|Any CPU.Build.0 = Release|Any CPU
		{EE8C49E9-03B6-4F49-94F7-368B2CB2EFC2}.Debug|Any CPU.ActiveCfg = Debug|Any CPU
		{EE8C49E9-03B6-4F49-94F7-368B2CB2EFC2}.Debug|Any CPU.Build.0 = Debug|Any CPU
		{EE8C49E9-03B6-4F49-94F7-368B2CB2EFC2}.Release|Any CPU.ActiveCfg = Release|Any CPU
		{EE8C49E9-03B6-4F49-94F7-368B2CB2EFC2}.Release|Any CPU.Build.0 = Release|Any CPU
	EndGlobalSection
	GlobalSection(SolutionProperties) = preSolution
		HideSolutionNode = FALSE
	EndGlobalSection
	GlobalSection(ExtensibilityGlobals) = postSolution
		SolutionGuid = {EFFFBFF9-C630-4E16-9D57-918403AA858B}
	EndGlobalSection
EndGlobal
